// !$*UTF8*$!
{
	archiveVersion = 1;
	classes = {
	};
	objectVersion = 51;
	objects = {

/* Begin PBXBuildFile section */
		113699EE234D0C1600F8A890 /* AppDelegate.swift in Sources */ = {isa = PBXBuildFile; fileRef = 113699ED234D0C1600F8A890 /* AppDelegate.swift */; };
		113699F0234D0C1600F8A890 /* SceneDelegate.swift in Sources */ = {isa = PBXBuildFile; fileRef = 113699EF234D0C1600F8A890 /* SceneDelegate.swift */; };
		113699F2234D0C1600F8A890 /* MovieListViewController.swift in Sources */ = {isa = PBXBuildFile; fileRef = 113699F1234D0C1600F8A890 /* MovieListViewController.swift */; };
		113699F5234D0C1600F8A890 /* Main.storyboard in Resources */ = {isa = PBXBuildFile; fileRef = 113699F3234D0C1600F8A890 /* Main.storyboard */; };
		113699F7234D0C1A00F8A890 /* Assets.xcassets in Resources */ = {isa = PBXBuildFile; fileRef = 113699F6234D0C1A00F8A890 /* Assets.xcassets */; };
		113699FA234D0C1A00F8A890 /* LaunchScreen.storyboard in Resources */ = {isa = PBXBuildFile; fileRef = 113699F8234D0C1A00F8A890 /* LaunchScreen.storyboard */; };
		87F65A4E2350048000CA2A80 /* MovieListPresenter.swift in Sources */ = {isa = PBXBuildFile; fileRef = 87F65A4D2350048000CA2A80 /* MovieListPresenter.swift */; };
		87F65A5023500BD900CA2A80 /* UIImageView+Utils.swift in Sources */ = {isa = PBXBuildFile; fileRef = 87F65A4F23500BD900CA2A80 /* UIImageView+Utils.swift */; };
		94447A00235607D4004D4FAF /* SessionManager.swift in Sources */ = {isa = PBXBuildFile; fileRef = 944479FF235607D4004D4FAF /* SessionManager.swift */; };
		94447A02235607EC004D4FAF /* SessionManagerImpl.swift in Sources */ = {isa = PBXBuildFile; fileRef = 94447A01235607EC004D4FAF /* SessionManagerImpl.swift */; };
		94447A0523560821004D4FAF /* GuestSessionRepository.swift in Sources */ = {isa = PBXBuildFile; fileRef = 94447A0423560821004D4FAF /* GuestSessionRepository.swift */; };
		94447A072356082B004D4FAF /* GuestSessionRepositoryImpl.swift in Sources */ = {isa = PBXBuildFile; fileRef = 94447A062356082B004D4FAF /* GuestSessionRepositoryImpl.swift */; };
		94447A09235608E9004D4FAF /* GuestSession.swift in Sources */ = {isa = PBXBuildFile; fileRef = 94447A08235608E9004D4FAF /* GuestSession.swift */; };
		94447A0C235609D1004D4FAF /* GuestSessionRouter.swift in Sources */ = {isa = PBXBuildFile; fileRef = 94447A0B235609D1004D4FAF /* GuestSessionRouter.swift */; };
		94447A0E23560ADF004D4FAF /* GuestSessionService.swift in Sources */ = {isa = PBXBuildFile; fileRef = 94447A0D23560ADF004D4FAF /* GuestSessionService.swift */; };
		94447A1023560AED004D4FAF /* GuestSessionServiceImpl.swift in Sources */ = {isa = PBXBuildFile; fileRef = 94447A0F23560AED004D4FAF /* GuestSessionServiceImpl.swift */; };
		9458EB28234FA87C004C66B1 /* MovieRouter.swift in Sources */ = {isa = PBXBuildFile; fileRef = 9458EB27234FA87C004C66B1 /* MovieRouter.swift */; };
		9458EB2B234FAA56004C66B1 /* Constants.swift in Sources */ = {isa = PBXBuildFile; fileRef = 9458EB2A234FAA56004C66B1 /* Constants.swift */; };
		9458EB2D234FAB54004C66B1 /* MovieRepository.swift in Sources */ = {isa = PBXBuildFile; fileRef = 9458EB2C234FAB54004C66B1 /* MovieRepository.swift */; };
		9458EB31234FABAF004C66B1 /* MovieService.swift in Sources */ = {isa = PBXBuildFile; fileRef = 9458EB30234FABAF004C66B1 /* MovieService.swift */; };
		9458EB33234FABD0004C66B1 /* MovieServiceImpl.swift in Sources */ = {isa = PBXBuildFile; fileRef = 9458EB32234FABD0004C66B1 /* MovieServiceImpl.swift */; };
		9458EB35234FB21A004C66B1 /* MovieRepositoryImpl.swift in Sources */ = {isa = PBXBuildFile; fileRef = 9458EB34234FB21A004C66B1 /* MovieRepositoryImpl.swift */; };
		9458EB38234FB3FE004C66B1 /* Movie.swift in Sources */ = {isa = PBXBuildFile; fileRef = 9458EB37234FB3FE004C66B1 /* Movie.swift */; };
		94C9924923564152004A0997 /* String+Date.swift in Sources */ = {isa = PBXBuildFile; fileRef = 94C9924823564152004A0997 /* String+Date.swift */; };
		CE3A0FDF234D813E00569CC4 /* MovieTableViewCell.swift in Sources */ = {isa = PBXBuildFile; fileRef = CE3A0FDD234D813E00569CC4 /* MovieTableViewCell.swift */; };
		CE3A0FE0234D813E00569CC4 /* MovieTableViewCell.xib in Resources */ = {isa = PBXBuildFile; fileRef = CE3A0FDE234D813E00569CC4 /* MovieTableViewCell.xib */; };
		CE6023C2234D955700E3DBA5 /* UIImageColors.swift in Sources */ = {isa = PBXBuildFile; fileRef = CE6023C1234D955700E3DBA5 /* UIImageColors.swift */; };
		CE6023C4234D956F00E3DBA5 /* MovieImageProvider.swift in Sources */ = {isa = PBXBuildFile; fileRef = CE6023C3234D956F00E3DBA5 /* MovieImageProvider.swift */; };
		CE6023C6234ED34800E3DBA5 /* DetailsViewController.swift in Sources */ = {isa = PBXBuildFile; fileRef = CE6023C5234ED34800E3DBA5 /* DetailsViewController.swift */; };
		E196551BE8D23A769B5B9BE7 /* Pods_TheVulnerableApp.framework in Frameworks */ = {isa = PBXBuildFile; fileRef = BED3F693E233915C011114EF /* Pods_TheVulnerableApp.framework */; };
/* End PBXBuildFile section */

/* Begin PBXFileReference section */
		113699EA234D0C1600F8A890 /* TheVulnerableApp.app */ = {isa = PBXFileReference; explicitFileType = wrapper.application; includeInIndex = 0; path = TheVulnerableApp.app; sourceTree = BUILT_PRODUCTS_DIR; };
		113699ED234D0C1600F8A890 /* AppDelegate.swift */ = {isa = PBXFileReference; lastKnownFileType = sourcecode.swift; path = AppDelegate.swift; sourceTree = "<group>"; };
		113699EF234D0C1600F8A890 /* SceneDelegate.swift */ = {isa = PBXFileReference; lastKnownFileType = sourcecode.swift; path = SceneDelegate.swift; sourceTree = "<group>"; };
		113699F1234D0C1600F8A890 /* MovieListViewController.swift */ = {isa = PBXFileReference; lastKnownFileType = sourcecode.swift; path = MovieListViewController.swift; sourceTree = "<group>"; };
		113699F4234D0C1600F8A890 /* Base */ = {isa = PBXFileReference; lastKnownFileType = file.storyboard; name = Base; path = Base.lproj/Main.storyboard; sourceTree = "<group>"; };
		113699F6234D0C1A00F8A890 /* Assets.xcassets */ = {isa = PBXFileReference; lastKnownFileType = folder.assetcatalog; path = Assets.xcassets; sourceTree = "<group>"; };
		113699F9234D0C1A00F8A890 /* Base */ = {isa = PBXFileReference; lastKnownFileType = file.storyboard; name = Base; path = Base.lproj/LaunchScreen.storyboard; sourceTree = "<group>"; };
		113699FB234D0C1A00F8A890 /* Info.plist */ = {isa = PBXFileReference; lastKnownFileType = text.plist.xml; path = Info.plist; sourceTree = "<group>"; };
		1A3CB660F7C95D5943AF7E18 /* Pods-TheVulnerableApp.debug.xcconfig */ = {isa = PBXFileReference; includeInIndex = 1; lastKnownFileType = text.xcconfig; name = "Pods-TheVulnerableApp.debug.xcconfig"; path = "Target Support Files/Pods-TheVulnerableApp/Pods-TheVulnerableApp.debug.xcconfig"; sourceTree = "<group>"; };
		7E5336110F900CD482AE2317 /* Pods-TheVulnerableApp.release.xcconfig */ = {isa = PBXFileReference; includeInIndex = 1; lastKnownFileType = text.xcconfig; name = "Pods-TheVulnerableApp.release.xcconfig"; path = "Target Support Files/Pods-TheVulnerableApp/Pods-TheVulnerableApp.release.xcconfig"; sourceTree = "<group>"; };
		87F65A4D2350048000CA2A80 /* MovieListPresenter.swift */ = {isa = PBXFileReference; lastKnownFileType = sourcecode.swift; path = MovieListPresenter.swift; sourceTree = "<group>"; };
		87F65A4F23500BD900CA2A80 /* UIImageView+Utils.swift */ = {isa = PBXFileReference; lastKnownFileType = sourcecode.swift; path = "UIImageView+Utils.swift"; sourceTree = "<group>"; };
		944479FF235607D4004D4FAF /* SessionManager.swift */ = {isa = PBXFileReference; lastKnownFileType = sourcecode.swift; path = SessionManager.swift; sourceTree = "<group>"; };
		94447A01235607EC004D4FAF /* SessionManagerImpl.swift */ = {isa = PBXFileReference; lastKnownFileType = sourcecode.swift; path = SessionManagerImpl.swift; sourceTree = "<group>"; };
		94447A0423560821004D4FAF /* GuestSessionRepository.swift */ = {isa = PBXFileReference; lastKnownFileType = sourcecode.swift; path = GuestSessionRepository.swift; sourceTree = "<group>"; };
		94447A062356082B004D4FAF /* GuestSessionRepositoryImpl.swift */ = {isa = PBXFileReference; lastKnownFileType = sourcecode.swift; path = GuestSessionRepositoryImpl.swift; sourceTree = "<group>"; };
		94447A08235608E9004D4FAF /* GuestSession.swift */ = {isa = PBXFileReference; lastKnownFileType = sourcecode.swift; path = GuestSession.swift; sourceTree = "<group>"; };
		94447A0B235609D1004D4FAF /* GuestSessionRouter.swift */ = {isa = PBXFileReference; lastKnownFileType = sourcecode.swift; path = GuestSessionRouter.swift; sourceTree = "<group>"; };
		94447A0D23560ADF004D4FAF /* GuestSessionService.swift */ = {isa = PBXFileReference; lastKnownFileType = sourcecode.swift; path = GuestSessionService.swift; sourceTree = "<group>"; };
		94447A0F23560AED004D4FAF /* GuestSessionServiceImpl.swift */ = {isa = PBXFileReference; lastKnownFileType = sourcecode.swift; path = GuestSessionServiceImpl.swift; sourceTree = "<group>"; };
		9458EB27234FA87C004C66B1 /* MovieRouter.swift */ = {isa = PBXFileReference; lastKnownFileType = sourcecode.swift; path = MovieRouter.swift; sourceTree = "<group>"; };
		9458EB2A234FAA56004C66B1 /* Constants.swift */ = {isa = PBXFileReference; lastKnownFileType = sourcecode.swift; path = Constants.swift; sourceTree = "<group>"; };
		9458EB2C234FAB54004C66B1 /* MovieRepository.swift */ = {isa = PBXFileReference; lastKnownFileType = sourcecode.swift; path = MovieRepository.swift; sourceTree = "<group>"; };
		9458EB30234FABAF004C66B1 /* MovieService.swift */ = {isa = PBXFileReference; lastKnownFileType = sourcecode.swift; path = MovieService.swift; sourceTree = "<group>"; };
		9458EB32234FABD0004C66B1 /* MovieServiceImpl.swift */ = {isa = PBXFileReference; lastKnownFileType = sourcecode.swift; path = MovieServiceImpl.swift; sourceTree = "<group>"; };
		9458EB34234FB21A004C66B1 /* MovieRepositoryImpl.swift */ = {isa = PBXFileReference; lastKnownFileType = sourcecode.swift; path = MovieRepositoryImpl.swift; sourceTree = "<group>"; };
		9458EB37234FB3FE004C66B1 /* Movie.swift */ = {isa = PBXFileReference; lastKnownFileType = sourcecode.swift; path = Movie.swift; sourceTree = "<group>"; };
		94C9924823564152004A0997 /* String+Date.swift */ = {isa = PBXFileReference; lastKnownFileType = sourcecode.swift; path = "String+Date.swift"; sourceTree = "<group>"; };
		BED3F693E233915C011114EF /* Pods_TheVulnerableApp.framework */ = {isa = PBXFileReference; explicitFileType = wrapper.framework; includeInIndex = 0; path = Pods_TheVulnerableApp.framework; sourceTree = BUILT_PRODUCTS_DIR; };
		CE3A0FDD234D813E00569CC4 /* MovieTableViewCell.swift */ = {isa = PBXFileReference; lastKnownFileType = sourcecode.swift; path = MovieTableViewCell.swift; sourceTree = "<group>"; };
		CE3A0FDE234D813E00569CC4 /* MovieTableViewCell.xib */ = {isa = PBXFileReference; lastKnownFileType = file.xib; path = MovieTableViewCell.xib; sourceTree = "<group>"; };
		CE6023C1234D955700E3DBA5 /* UIImageColors.swift */ = {isa = PBXFileReference; lastKnownFileType = sourcecode.swift; path = UIImageColors.swift; sourceTree = "<group>"; };
		CE6023C3234D956F00E3DBA5 /* MovieImageProvider.swift */ = {isa = PBXFileReference; lastKnownFileType = sourcecode.swift; path = MovieImageProvider.swift; sourceTree = "<group>"; };
		CE6023C5234ED34800E3DBA5 /* DetailsViewController.swift */ = {isa = PBXFileReference; lastKnownFileType = sourcecode.swift; path = DetailsViewController.swift; sourceTree = "<group>"; };
/* End PBXFileReference section */

/* Begin PBXFrameworksBuildPhase section */
		113699E7234D0C1600F8A890 /* Frameworks */ = {
			isa = PBXFrameworksBuildPhase;
			buildActionMask = 2147483647;
			files = (
				E196551BE8D23A769B5B9BE7 /* Pods_TheVulnerableApp.framework in Frameworks */,
			);
			runOnlyForDeploymentPostprocessing = 0;
		};
/* End PBXFrameworksBuildPhase section */

/* Begin PBXGroup section */
		113699E1234D0C1600F8A890 = {
			isa = PBXGroup;
			children = (
				113699EC234D0C1600F8A890 /* TheVulnerableApp */,
				113699EB234D0C1600F8A890 /* Products */,
				B2C6AA6993FAD76AECEB5097 /* Pods */,
				30B2B2E9EB5BAACA66B07998 /* Frameworks */,
			);
			sourceTree = "<group>";
		};
		113699EB234D0C1600F8A890 /* Products */ = {
			isa = PBXGroup;
			children = (
				113699EA234D0C1600F8A890 /* TheVulnerableApp.app */,
			);
			name = Products;
			sourceTree = "<group>";
		};
		113699EC234D0C1600F8A890 /* TheVulnerableApp */ = {
			isa = PBXGroup;
			children = (
				944479FE235607C1004D4FAF /* Managers */,
				87F65A4A2350043A00CA2A80 /* Modules */,
				9458EB36234FB3F7004C66B1 /* Models */,
				9458EB2E234FAB8F004C66B1 /* Repositories */,
				9458EB29234FAA4C004C66B1 /* Constants */,
				9458EB25234FA697004C66B1 /* Networking */,
				CE6023C0234D954700E3DBA5 /* Utils */,
				113699ED234D0C1600F8A890 /* AppDelegate.swift */,
				113699EF234D0C1600F8A890 /* SceneDelegate.swift */,
				113699F3234D0C1600F8A890 /* Main.storyboard */,
				113699F6234D0C1A00F8A890 /* Assets.xcassets */,
				113699F8234D0C1A00F8A890 /* LaunchScreen.storyboard */,
				113699FB234D0C1A00F8A890 /* Info.plist */,
			);
			path = TheVulnerableApp;
			sourceTree = "<group>";
		};
		30B2B2E9EB5BAACA66B07998 /* Frameworks */ = {
			isa = PBXGroup;
			children = (
				BED3F693E233915C011114EF /* Pods_TheVulnerableApp.framework */,
			);
			name = Frameworks;
			sourceTree = "<group>";
		};
		87F65A4A2350043A00CA2A80 /* Modules */ = {
			isa = PBXGroup;
			children = (
				87F65A4C2350046500CA2A80 /* MovieDetail */,
				87F65A4B2350044000CA2A80 /* MovieList */,
			);
			path = Modules;
			sourceTree = "<group>";
		};
		87F65A4B2350044000CA2A80 /* MovieList */ = {
			isa = PBXGroup;
			children = (
				113699F1234D0C1600F8A890 /* MovieListViewController.swift */,
				CE3A0FDD234D813E00569CC4 /* MovieTableViewCell.swift */,
				CE3A0FDE234D813E00569CC4 /* MovieTableViewCell.xib */,
				87F65A4D2350048000CA2A80 /* MovieListPresenter.swift */,
			);
			path = MovieList;
			sourceTree = "<group>";
		};
		87F65A4C2350046500CA2A80 /* MovieDetail */ = {
			isa = PBXGroup;
			children = (
				CE6023C5234ED34800E3DBA5 /* DetailsViewController.swift */,
			);
			path = MovieDetail;
			sourceTree = "<group>";
		};
		944479FE235607C1004D4FAF /* Managers */ = {
			isa = PBXGroup;
			children = (
				944479FF235607D4004D4FAF /* SessionManager.swift */,
				94447A01235607EC004D4FAF /* SessionManagerImpl.swift */,
			);
			path = Managers;
			sourceTree = "<group>";
		};
		94447A0323560814004D4FAF /* GuestSession */ = {
			isa = PBXGroup;
			children = (
				94447A0423560821004D4FAF /* GuestSessionRepository.swift */,
				94447A062356082B004D4FAF /* GuestSessionRepositoryImpl.swift */,
			);
			path = GuestSession;
			sourceTree = "<group>";
		};
		94447A0A235609BC004D4FAF /* GuestSession */ = {
			isa = PBXGroup;
			children = (
				94447A0B235609D1004D4FAF /* GuestSessionRouter.swift */,
				94447A0D23560ADF004D4FAF /* GuestSessionService.swift */,
				94447A0F23560AED004D4FAF /* GuestSessionServiceImpl.swift */,
			);
			path = GuestSession;
			sourceTree = "<group>";
		};
		9458EB25234FA697004C66B1 /* Networking */ = {
			isa = PBXGroup;
			children = (
				94447A0A235609BC004D4FAF /* GuestSession */,
				9458EB26234FA6A4004C66B1 /* Movies */,
			);
			path = Networking;
			sourceTree = "<group>";
		};
		9458EB26234FA6A4004C66B1 /* Movies */ = {
			isa = PBXGroup;
			children = (
				9458EB27234FA87C004C66B1 /* MovieRouter.swift */,
				9458EB30234FABAF004C66B1 /* MovieService.swift */,
				9458EB32234FABD0004C66B1 /* MovieServiceImpl.swift */,
			);
			path = Movies;
			sourceTree = "<group>";
		};
		9458EB29234FAA4C004C66B1 /* Constants */ = {
			isa = PBXGroup;
			children = (
				9458EB2A234FAA56004C66B1 /* Constants.swift */,
			);
			path = Constants;
			sourceTree = "<group>";
		};
		9458EB2E234FAB8F004C66B1 /* Repositories */ = {
			isa = PBXGroup;
			children = (
				94447A0323560814004D4FAF /* GuestSession */,
				9458EB2F234FABA0004C66B1 /* Movies */,
			);
			path = Repositories;
			sourceTree = "<group>";
		};
		9458EB2F234FABA0004C66B1 /* Movies */ = {
			isa = PBXGroup;
			children = (
				9458EB2C234FAB54004C66B1 /* MovieRepository.swift */,
				9458EB34234FB21A004C66B1 /* MovieRepositoryImpl.swift */,
			);
			path = Movies;
			sourceTree = "<group>";
		};
		9458EB36234FB3F7004C66B1 /* Models */ = {
			isa = PBXGroup;
			children = (
				9458EB37234FB3FE004C66B1 /* Movie.swift */,
				94447A08235608E9004D4FAF /* GuestSession.swift */,
			);
			path = Models;
			sourceTree = "<group>";
		};
		B2C6AA6993FAD76AECEB5097 /* Pods */ = {
			isa = PBXGroup;
			children = (
				1A3CB660F7C95D5943AF7E18 /* Pods-TheVulnerableApp.debug.xcconfig */,
				7E5336110F900CD482AE2317 /* Pods-TheVulnerableApp.release.xcconfig */,
			);
			path = Pods;
			sourceTree = "<group>";
		};
		CE6023C0234D954700E3DBA5 /* Utils */ = {
			isa = PBXGroup;
			children = (
				CE6023C1234D955700E3DBA5 /* UIImageColors.swift */,
				CE6023C3234D956F00E3DBA5 /* MovieImageProvider.swift */,
				87F65A4F23500BD900CA2A80 /* UIImageView+Utils.swift */,
				94C9924823564152004A0997 /* String+Date.swift */,
			);
			path = Utils;
			sourceTree = "<group>";
		};
/* End PBXGroup section */

/* Begin PBXNativeTarget section */
		113699E9234D0C1600F8A890 /* TheVulnerableApp */ = {
			isa = PBXNativeTarget;
			buildConfigurationList = 113699FE234D0C1A00F8A890 /* Build configuration list for PBXNativeTarget "TheVulnerableApp" */;
			buildPhases = (
				13AF17C753EF0EB195816F4A /* [CP] Check Pods Manifest.lock */,
				113699E6234D0C1600F8A890 /* Sources */,
				113699E7234D0C1600F8A890 /* Frameworks */,
				113699E8234D0C1600F8A890 /* Resources */,
				34F0091197D6C73C341459C9 /* [CP] Embed Pods Frameworks */,
			);
			buildRules = (
			);
			dependencies = (
			);
			name = TheVulnerableApp;
			productName = TheVulnerableApp;
			productReference = 113699EA234D0C1600F8A890 /* TheVulnerableApp.app */;
			productType = "com.apple.product-type.application";
		};
/* End PBXNativeTarget section */

/* Begin PBXProject section */
		113699E2234D0C1600F8A890 /* Project object */ = {
			isa = PBXProject;
			attributes = {
				LastSwiftUpdateCheck = 1100;
				LastUpgradeCheck = 1100;
				ORGANIZATIONNAME = TheVulnerableApp;
				TargetAttributes = {
					113699E9234D0C1600F8A890 = {
						CreatedOnToolsVersion = 11.0;
					};
				};
			};
			buildConfigurationList = 113699E5234D0C1600F8A890 /* Build configuration list for PBXProject "TheVulnerableApp" */;
			compatibilityVersion = "Xcode 9.3";
			developmentRegion = en;
			hasScannedForEncodings = 0;
			knownRegions = (
				en,
				Base,
			);
			mainGroup = 113699E1234D0C1600F8A890;
			productRefGroup = 113699EB234D0C1600F8A890 /* Products */;
			projectDirPath = "";
			projectRoot = "";
			targets = (
				113699E9234D0C1600F8A890 /* TheVulnerableApp */,
			);
		};
/* End PBXProject section */

/* Begin PBXResourcesBuildPhase section */
		113699E8234D0C1600F8A890 /* Resources */ = {
			isa = PBXResourcesBuildPhase;
			buildActionMask = 2147483647;
			files = (
				113699FA234D0C1A00F8A890 /* LaunchScreen.storyboard in Resources */,
				113699F7234D0C1A00F8A890 /* Assets.xcassets in Resources */,
				CE3A0FE0234D813E00569CC4 /* MovieTableViewCell.xib in Resources */,
				113699F5234D0C1600F8A890 /* Main.storyboard in Resources */,
			);
			runOnlyForDeploymentPostprocessing = 0;
		};
/* End PBXResourcesBuildPhase section */

/* Begin PBXShellScriptBuildPhase section */
		13AF17C753EF0EB195816F4A /* [CP] Check Pods Manifest.lock */ = {
			isa = PBXShellScriptBuildPhase;
			buildActionMask = 2147483647;
			files = (
			);
			inputFileListPaths = (
			);
			inputPaths = (
				"${PODS_PODFILE_DIR_PATH}/Podfile.lock",
				"${PODS_ROOT}/Manifest.lock",
			);
			name = "[CP] Check Pods Manifest.lock";
			outputFileListPaths = (
			);
			outputPaths = (
				"$(DERIVED_FILE_DIR)/Pods-TheVulnerableApp-checkManifestLockResult.txt",
			);
			runOnlyForDeploymentPostprocessing = 0;
			shellPath = /bin/sh;
			shellScript = "diff \"${PODS_PODFILE_DIR_PATH}/Podfile.lock\" \"${PODS_ROOT}/Manifest.lock\" > /dev/null\nif [ $? != 0 ] ; then\n    # print error to STDERR\n    echo \"error: The sandbox is not in sync with the Podfile.lock. Run 'pod install' or update your CocoaPods installation.\" >&2\n    exit 1\nfi\n# This output is used by Xcode 'outputs' to avoid re-running this script phase.\necho \"SUCCESS\" > \"${SCRIPT_OUTPUT_FILE_0}\"\n";
			showEnvVarsInLog = 0;
		};
		34F0091197D6C73C341459C9 /* [CP] Embed Pods Frameworks */ = {
			isa = PBXShellScriptBuildPhase;
			buildActionMask = 2147483647;
			files = (
			);
			inputFileListPaths = (
				"${PODS_ROOT}/Target Support Files/Pods-TheVulnerableApp/Pods-TheVulnerableApp-frameworks-${CONFIGURATION}-input-files.xcfilelist",
			);
			name = "[CP] Embed Pods Frameworks";
			outputFileListPaths = (
				"${PODS_ROOT}/Target Support Files/Pods-TheVulnerableApp/Pods-TheVulnerableApp-frameworks-${CONFIGURATION}-output-files.xcfilelist",
			);
			runOnlyForDeploymentPostprocessing = 0;
			shellPath = /bin/sh;
			shellScript = "\"${PODS_ROOT}/Target Support Files/Pods-TheVulnerableApp/Pods-TheVulnerableApp-frameworks.sh\"\n";
			showEnvVarsInLog = 0;
		};
/* End PBXShellScriptBuildPhase section */

/* Begin PBXSourcesBuildPhase section */
		113699E6234D0C1600F8A890 /* Sources */ = {
			isa = PBXSourcesBuildPhase;
			buildActionMask = 2147483647;
			files = (
				9458EB38234FB3FE004C66B1 /* Movie.swift in Sources */,
				9458EB33234FABD0004C66B1 /* MovieServiceImpl.swift in Sources */,
				113699F2234D0C1600F8A890 /* MovieListViewController.swift in Sources */,
				9458EB28234FA87C004C66B1 /* MovieRouter.swift in Sources */,
				87F65A4E2350048000CA2A80 /* MovieListPresenter.swift in Sources */,
				CE6023C4234D956F00E3DBA5 /* MovieImageProvider.swift in Sources */,
				94447A02235607EC004D4FAF /* SessionManagerImpl.swift in Sources */,
				113699EE234D0C1600F8A890 /* AppDelegate.swift in Sources */,
				CE3A0FDF234D813E00569CC4 /* MovieTableViewCell.swift in Sources */,
				CE6023C6234ED34800E3DBA5 /* DetailsViewController.swift in Sources */,
				94C9924923564152004A0997 /* String+Date.swift in Sources */,
				94447A0C235609D1004D4FAF /* GuestSessionRouter.swift in Sources */,
				94447A09235608E9004D4FAF /* GuestSession.swift in Sources */,
				113699F0234D0C1600F8A890 /* SceneDelegate.swift in Sources */,
				87F65A5023500BD900CA2A80 /* UIImageView+Utils.swift in Sources */,
				CE6023C2234D955700E3DBA5 /* UIImageColors.swift in Sources */,
				94447A1023560AED004D4FAF /* GuestSessionServiceImpl.swift in Sources */,
				9458EB35234FB21A004C66B1 /* MovieRepositoryImpl.swift in Sources */,
				94447A072356082B004D4FAF /* GuestSessionRepositoryImpl.swift in Sources */,
				9458EB2D234FAB54004C66B1 /* MovieRepository.swift in Sources */,
				9458EB2B234FAA56004C66B1 /* Constants.swift in Sources */,
				94447A0E23560ADF004D4FAF /* GuestSessionService.swift in Sources */,
				9458EB31234FABAF004C66B1 /* MovieService.swift in Sources */,
				94447A00235607D4004D4FAF /* SessionManager.swift in Sources */,
				94447A0523560821004D4FAF /* GuestSessionRepository.swift in Sources */,
			);
			runOnlyForDeploymentPostprocessing = 0;
		};
/* End PBXSourcesBuildPhase section */

/* Begin PBXVariantGroup section */
		113699F3234D0C1600F8A890 /* Main.storyboard */ = {
			isa = PBXVariantGroup;
			children = (
				113699F4234D0C1600F8A890 /* Base */,
			);
			name = Main.storyboard;
			sourceTree = "<group>";
		};
		113699F8234D0C1A00F8A890 /* LaunchScreen.storyboard */ = {
			isa = PBXVariantGroup;
			children = (
				113699F9234D0C1A00F8A890 /* Base */,
			);
			name = LaunchScreen.storyboard;
			sourceTree = "<group>";
		};
/* End PBXVariantGroup section */

/* Begin XCBuildConfiguration section */
		113699FC234D0C1A00F8A890 /* Debug */ = {
			isa = XCBuildConfiguration;
			buildSettings = {
				ALWAYS_SEARCH_USER_PATHS = NO;
				CLANG_ANALYZER_NONNULL = YES;
				CLANG_ANALYZER_NUMBER_OBJECT_CONVERSION = YES_AGGRESSIVE;
				CLANG_CXX_LANGUAGE_STANDARD = "gnu++14";
				CLANG_CXX_LIBRARY = "libc++";
				CLANG_ENABLE_MODULES = YES;
				CLANG_ENABLE_OBJC_ARC = YES;
				CLANG_ENABLE_OBJC_WEAK = YES;
				CLANG_WARN_BLOCK_CAPTURE_AUTORELEASING = YES;
				CLANG_WARN_BOOL_CONVERSION = YES;
				CLANG_WARN_COMMA = YES;
				CLANG_WARN_CONSTANT_CONVERSION = YES;
				CLANG_WARN_DEPRECATED_OBJC_IMPLEMENTATIONS = YES;
				CLANG_WARN_DIRECT_OBJC_ISA_USAGE = YES_ERROR;
				CLANG_WARN_DOCUMENTATION_COMMENTS = YES;
				CLANG_WARN_EMPTY_BODY = YES;
				CLANG_WARN_ENUM_CONVERSION = YES;
				CLANG_WARN_INFINITE_RECURSION = YES;
				CLANG_WARN_INT_CONVERSION = YES;
				CLANG_WARN_NON_LITERAL_NULL_CONVERSION = YES;
				CLANG_WARN_OBJC_IMPLICIT_RETAIN_SELF = YES;
				CLANG_WARN_OBJC_LITERAL_CONVERSION = YES;
				CLANG_WARN_OBJC_ROOT_CLASS = YES_ERROR;
				CLANG_WARN_RANGE_LOOP_ANALYSIS = YES;
				CLANG_WARN_STRICT_PROTOTYPES = YES;
				CLANG_WARN_SUSPICIOUS_MOVE = YES;
				CLANG_WARN_UNGUARDED_AVAILABILITY = YES_AGGRESSIVE;
				CLANG_WARN_UNREACHABLE_CODE = YES;
				CLANG_WARN__DUPLICATE_METHOD_MATCH = YES;
				COPY_PHASE_STRIP = NO;
				DEBUG_INFORMATION_FORMAT = dwarf;
				ENABLE_STRICT_OBJC_MSGSEND = YES;
				ENABLE_TESTABILITY = YES;
				GCC_C_LANGUAGE_STANDARD = gnu11;
				GCC_DYNAMIC_NO_PIC = NO;
				GCC_NO_COMMON_BLOCKS = YES;
				GCC_OPTIMIZATION_LEVEL = 0;
				GCC_PREPROCESSOR_DEFINITIONS = (
					"DEBUG=1",
					"$(inherited)",
				);
				GCC_WARN_64_TO_32_BIT_CONVERSION = YES;
				GCC_WARN_ABOUT_RETURN_TYPE = YES_ERROR;
				GCC_WARN_UNDECLARED_SELECTOR = YES;
				GCC_WARN_UNINITIALIZED_AUTOS = YES_AGGRESSIVE;
				GCC_WARN_UNUSED_FUNCTION = YES;
				GCC_WARN_UNUSED_VARIABLE = YES;
				IPHONEOS_DEPLOYMENT_TARGET = 13.0;
				MTL_ENABLE_DEBUG_INFO = INCLUDE_SOURCE;
				MTL_FAST_MATH = YES;
				ONLY_ACTIVE_ARCH = YES;
				SDKROOT = iphoneos;
				SWIFT_ACTIVE_COMPILATION_CONDITIONS = DEBUG;
				SWIFT_OPTIMIZATION_LEVEL = "-Onone";
			};
			name = Debug;
		};
		113699FD234D0C1A00F8A890 /* Release */ = {
			isa = XCBuildConfiguration;
			buildSettings = {
				ALWAYS_SEARCH_USER_PATHS = NO;
				CLANG_ANALYZER_NONNULL = YES;
				CLANG_ANALYZER_NUMBER_OBJECT_CONVERSION = YES_AGGRESSIVE;
				CLANG_CXX_LANGUAGE_STANDARD = "gnu++14";
				CLANG_CXX_LIBRARY = "libc++";
				CLANG_ENABLE_MODULES = YES;
				CLANG_ENABLE_OBJC_ARC = YES;
				CLANG_ENABLE_OBJC_WEAK = YES;
				CLANG_WARN_BLOCK_CAPTURE_AUTORELEASING = YES;
				CLANG_WARN_BOOL_CONVERSION = YES;
				CLANG_WARN_COMMA = YES;
				CLANG_WARN_CONSTANT_CONVERSION = YES;
				CLANG_WARN_DEPRECATED_OBJC_IMPLEMENTATIONS = YES;
				CLANG_WARN_DIRECT_OBJC_ISA_USAGE = YES_ERROR;
				CLANG_WARN_DOCUMENTATION_COMMENTS = YES;
				CLANG_WARN_EMPTY_BODY = YES;
				CLANG_WARN_ENUM_CONVERSION = YES;
				CLANG_WARN_INFINITE_RECURSION = YES;
				CLANG_WARN_INT_CONVERSION = YES;
				CLANG_WARN_NON_LITERAL_NULL_CONVERSION = YES;
				CLANG_WARN_OBJC_IMPLICIT_RETAIN_SELF = YES;
				CLANG_WARN_OBJC_LITERAL_CONVERSION = YES;
				CLANG_WARN_OBJC_ROOT_CLASS = YES_ERROR;
				CLANG_WARN_RANGE_LOOP_ANALYSIS = YES;
				CLANG_WARN_STRICT_PROTOTYPES = YES;
				CLANG_WARN_SUSPICIOUS_MOVE = YES;
				CLANG_WARN_UNGUARDED_AVAILABILITY = YES_AGGRESSIVE;
				CLANG_WARN_UNREACHABLE_CODE = YES;
				CLANG_WARN__DUPLICATE_METHOD_MATCH = YES;
				COPY_PHASE_STRIP = NO;
				DEBUG_INFORMATION_FORMAT = "dwarf-with-dsym";
				ENABLE_NS_ASSERTIONS = NO;
				ENABLE_STRICT_OBJC_MSGSEND = YES;
				GCC_C_LANGUAGE_STANDARD = gnu11;
				GCC_NO_COMMON_BLOCKS = YES;
				GCC_WARN_64_TO_32_BIT_CONVERSION = YES;
				GCC_WARN_ABOUT_RETURN_TYPE = YES_ERROR;
				GCC_WARN_UNDECLARED_SELECTOR = YES;
				GCC_WARN_UNINITIALIZED_AUTOS = YES_AGGRESSIVE;
				GCC_WARN_UNUSED_FUNCTION = YES;
				GCC_WARN_UNUSED_VARIABLE = YES;
				IPHONEOS_DEPLOYMENT_TARGET = 13.0;
				MTL_ENABLE_DEBUG_INFO = NO;
				MTL_FAST_MATH = YES;
				SDKROOT = iphoneos;
				SWIFT_COMPILATION_MODE = wholemodule;
				SWIFT_OPTIMIZATION_LEVEL = "-O";
				VALIDATE_PRODUCT = YES;
			};
			name = Release;
		};
		113699FF234D0C1A00F8A890 /* Debug */ = {
			isa = XCBuildConfiguration;
			baseConfigurationReference = 1A3CB660F7C95D5943AF7E18 /* Pods-TheVulnerableApp.debug.xcconfig */;
			buildSettings = {
				ASSETCATALOG_COMPILER_APPICON_NAME = AppIcon;
				CODE_SIGN_STYLE = Automatic;
				DEVELOPMENT_TEAM = 736XU9D7S8;
				INFOPLIST_FILE = TheVulnerableApp/Info.plist;
				LD_RUNPATH_SEARCH_PATHS = (
					"$(inherited)",
					"@executable_path/Frameworks",
				);
				PRODUCT_BUNDLE_IDENTIFIER = thevulnerableapp.TheVulnerableApp;
				PRODUCT_NAME = "$(TARGET_NAME)";
				SWIFT_VERSION = 5.0;
				TARGETED_DEVICE_FAMILY = "1,2";
			};
			name = Debug;
		};
		11369A00234D0C1A00F8A890 /* Release */ = {
			isa = XCBuildConfiguration;
			baseConfigurationReference = 7E5336110F900CD482AE2317 /* Pods-TheVulnerableApp.release.xcconfig */;
			buildSettings = {
				ASSETCATALOG_COMPILER_APPICON_NAME = AppIcon;
				CODE_SIGN_STYLE = Automatic;
				DEVELOPMENT_TEAM = 736XU9D7S8;
				INFOPLIST_FILE = TheVulnerableApp/Info.plist;
				LD_RUNPATH_SEARCH_PATHS = (
					"$(inherited)",
					"@executable_path/Frameworks",
				);
				PRODUCT_BUNDLE_IDENTIFIER = thevulnerableapp.TheVulnerableApp;
				PRODUCT_NAME = "$(TARGET_NAME)";
				SWIFT_VERSION = 5.0;
				TARGETED_DEVICE_FAMILY = "1,2";
			};
			name = Release;
		};
/* End XCBuildConfiguration section */

/* Begin XCConfigurationList section */
		113699E5234D0C1600F8A890 /* Build configuration list for PBXProject "TheVulnerableApp" */ = {
			isa = XCConfigurationList;
			buildConfigurations = (
				113699FC234D0C1A00F8A890 /* Debug */,
				113699FD234D0C1A00F8A890 /* Release */,
			);
			defaultConfigurationIsVisible = 0;
			defaultConfigurationName = Release;
		};
		113699FE234D0C1A00F8A890 /* Build configuration list for PBXNativeTarget "TheVulnerableApp" */ = {
			isa = XCConfigurationList;
			buildConfigurations = (
				113699FF234D0C1A00F8A890 /* Debug */,
				11369A00234D0C1A00F8A890 /* Release */,
			);
			defaultConfigurationIsVisible = 0;
			defaultConfigurationName = Release;
		};
/* End XCConfigurationList section */
	};
	rootObject = 113699E2234D0C1600F8A890 /* Project object */;
}
